
Microsoft Visual Studio Solution File, Format Version 12.00
# Visual Studio Version 17
VisualStudioVersion = 17.2.32630.192
MinimumVisualStudioVersion = 10.0.40219.1
Project("{FAE04EC0-301F-11D3-BF4B-00C04F79EFBC}") = "BenchMarkTestingExample", "BenchMarkTestingExample\BenchMarkTestingExample.csproj", "{FBB4E904-EEAC-4373-8ADB-D1C267A51B7E}"
EndProject
Global
	GlobalSection(SolutionConfigurationPlatforms) = preSolution
		Debug|Any CPU = Debug|Any CPU
		Release|Any CPU = Release|Any CPU
	EndGlobalSection
	GlobalSection(ProjectConfigurationPlatforms) = postSolution
		{FBB4E904-EEAC-4373-8ADB-D1C267A51B7E}.Debug|Any CPU.ActiveCfg = Debug|Any CPU
		{FBB4E904-EEAC-4373-8ADB-D1C267A51B7E}.Debug|Any CPU.Build.0 = Debug|Any CPU
		{FBB4E904-EEAC-4373-8ADB-D1C267A51B7E}.Release|Any CPU.ActiveCfg = Release|Any CPU
		{FBB4E904-EEAC-4373-8ADB-D1C267A51B7E}.Release|Any CPU.Build.0 = Release|Any CPU
	EndGlobalSection
	GlobalSection(SolutionProperties) = preSolution
		HideSolutionNode = FALSE
	EndGlobalSection
	GlobalSection(ExtensibilityGlobals) = postSolution
		SolutionGuid = {DFCD7D5E-4919-4208-B0C5-479F62DE843C}
	EndGlobalSection
EndGlobal
